
Microsoft Visual Studio Solution File, Format Version 12.00
# Visual Studio Version 16
VisualStudioVersion = 16.0.31729.503
MinimumVisualStudioVersion = 10.0.40219.1
Project("{FAE04EC0-301F-11D3-BF4B-00C04F79EFBC}") = "CargarArchivoExcelToDb", "CargarArchivoExcelToDb\CargarArchivoExcelToDb.csproj", "{EC213044-7FC1-4B52-B7AC-F3F9D6631418}"
EndProject
Project("{FAE04EC0-301F-11D3-BF4B-00C04F79EFBC}") = "WinTestWcfCargExcelToDbClient", "WinTestWcfCargExcelToDbClient\WinTestWcfCargExcelToDbClient.csproj", "{4438182E-44C1-4B20-8106-6AF6EAAE10C6}"
EndProject
Global
	GlobalSection(SolutionConfigurationPlatforms) = preSolution
		Debug|Any CPU = Debug|Any CPU
		Release|Any CPU = Release|Any CPU
	EndGlobalSection
	GlobalSection(ProjectConfigurationPlatforms) = postSolution
		{EC213044-7FC1-4B52-B7AC-F3F9D6631418}.Debug|Any CPU.ActiveCfg = Debug|Any CPU
		{EC213044-7FC1-4B52-B7AC-F3F9D6631418}.Debug|Any CPU.Build.0 = Debug|Any CPU
		{EC213044-7FC1-4B52-B7AC-F3F9D6631418}.Release|Any CPU.ActiveCfg = Release|Any CPU
		{EC213044-7FC1-4B52-B7AC-F3F9D6631418}.Release|Any CPU.Build.0 = Release|Any CPU
		{4438182E-44C1-4B20-8106-6AF6EAAE10C6}.Debug|Any CPU.ActiveCfg = Debug|Any CPU
		{4438182E-44C1-4B20-8106-6AF6EAAE10C6}.Debug|Any CPU.Build.0 = Debug|Any CPU
		{4438182E-44C1-4B20-8106-6AF6EAAE10C6}.Release|Any CPU.ActiveCfg = Release|Any CPU
		{4438182E-44C1-4B20-8106-6AF6EAAE10C6}.Release|Any CPU.Build.0 = Release|Any CPU
	EndGlobalSection
	GlobalSection(SolutionProperties) = preSolution
		HideSolutionNode = FALSE
	EndGlobalSection
	GlobalSection(ExtensibilityGlobals) = postSolution
		SolutionGuid = {B0220CB5-7FC3-42A4-9658-5C3DF0896E61}
	EndGlobalSection
EndGlobal
